
Microsoft Visual Studio Solution File, Format Version 12.00
# Visual Studio 15
VisualStudioVersion = 15.0.26124.0
MinimumVisualStudioVersion = 15.0.26124.0
Project("{FAE04EC0-301F-11D3-BF4B-00C04F79EFBC}") = "ConsoleProject", "ConsoleProject\ConsoleProject.csproj", "{F1122396-2D67-4854-9DD1-EB939367F658}"
EndProject
Project("{FAE04EC0-301F-11D3-BF4B-00C04F79EFBC}") = "Model", "Model\Model.csproj", "{10D94608-DCAF-49C5-A92D-1E80DBFF7072}"
EndProject
Project("{FAE04EC0-301F-11D3-BF4B-00C04F79EFBC}") = "Controller", "Controller\Controller.csproj", "{F40835B9-37FD-485E-B71E-E820446B385E}"
EndProject
Project("{FAE04EC0-301F-11D3-BF4B-00C04F79EFBC}") = "View", "View\View.csproj", "{4895100D-CEDD-467F-8208-D21512A0BDEE}"
EndProject
Project("{FAE04EC0-301F-11D3-BF4B-00C04F79EFBC}") = "Visualization", "Visualization\Visualization.csproj", "{EF4871E6-FB57-4A5F-B1F7-9E35503698CE}"
EndProject
Global
	GlobalSection(SolutionConfigurationPlatforms) = preSolution
		Debug|Any CPU = Debug|Any CPU
		Debug|x64 = Debug|x64
		Debug|x86 = Debug|x86
		Release|Any CPU = Release|Any CPU
		Release|x64 = Release|x64
		Release|x86 = Release|x86
	EndGlobalSection
	GlobalSection(SolutionProperties) = preSolution
		HideSolutionNode = FALSE
	EndGlobalSection
	GlobalSection(ProjectConfigurationPlatforms) = postSolution
		{F1122396-2D67-4854-9DD1-EB939367F658}.Debug|Any CPU.ActiveCfg = Debug|Any CPU
		{F1122396-2D67-4854-9DD1-EB939367F658}.Debug|Any CPU.Build.0 = Debug|Any CPU
		{F1122396-2D67-4854-9DD1-EB939367F658}.Debug|x64.ActiveCfg = Debug|Any CPU
		{F1122396-2D67-4854-9DD1-EB939367F658}.Debug|x64.Build.0 = Debug|Any CPU
		{F1122396-2D67-4854-9DD1-EB939367F658}.Debug|x86.ActiveCfg = Debug|Any CPU
		{F1122396-2D67-4854-9DD1-EB939367F658}.Debug|x86.Build.0 = Debug|Any CPU
		{F1122396-2D67-4854-9DD1-EB939367F658}.Release|Any CPU.ActiveCfg = Release|Any CPU
		{F1122396-2D67-4854-9DD1-EB939367F658}.Release|Any CPU.Build.0 = Release|Any CPU
		{F1122396-2D67-4854-9DD1-EB939367F658}.Release|x64.ActiveCfg = Release|Any CPU
		{F1122396-2D67-4854-9DD1-EB939367F658}.Release|x64.Build.0 = Release|Any CPU
		{F1122396-2D67-4854-9DD1-EB939367F658}.Release|x86.ActiveCfg = Release|Any CPU
		{F1122396-2D67-4854-9DD1-EB939367F658}.Release|x86.Build.0 = Release|Any CPU
		{10D94608-DCAF-49C5-A92D-1E80DBFF7072}.Debug|Any CPU.ActiveCfg = Debug|Any CPU
		{10D94608-DCAF-49C5-A92D-1E80DBFF7072}.Debug|Any CPU.Build.0 = Debug|Any CPU
		{10D94608-DCAF-49C5-A92D-1E80DBFF7072}.Debug|x64.ActiveCfg = Debug|Any CPU
		{10D94608-DCAF-49C5-A92D-1E80DBFF7072}.Debug|x64.Build.0 = Debug|Any CPU
		{10D94608-DCAF-49C5-A92D-1E80DBFF7072}.Debug|x86.ActiveCfg = Debug|Any CPU
		{10D94608-DCAF-49C5-A92D-1E80DBFF7072}.Debug|x86.Build.0 = Debug|Any CPU
		{10D94608-DCAF-49C5-A92D-1E80DBFF7072}.Release|Any CPU.ActiveCfg = Release|Any CPU
		{10D94608-DCAF-49C5-A92D-1E80DBFF7072}.Release|Any CPU.Build.0 = Release|Any CPU
		{10D94608-DCAF-49C5-A92D-1E80DBFF7072}.Release|x64.ActiveCfg = Release|Any CPU
		{10D94608-DCAF-49C5-A92D-1E80DBFF7072}.Release|x64.Build.0 = Release|Any CPU
		{10D94608-DCAF-49C5-A92D-1E80DBFF7072}.Release|x86.ActiveCfg = Release|Any CPU
		{10D94608-DCAF-49C5-A92D-1E80DBFF7072}.Release|x86.Build.0 = Release|Any CPU
		{F40835B9-37FD-485E-B71E-E820446B385E}.Debug|Any CPU.ActiveCfg = Debug|Any CPU
		{F40835B9-37FD-485E-B71E-E820446B385E}.Debug|Any CPU.Build.0 = Debug|Any CPU
		{F40835B9-37FD-485E-B71E-E820446B385E}.Debug|x64.ActiveCfg = Debug|Any CPU
		{F40835B9-37FD-485E-B71E-E820446B385E}.Debug|x64.Build.0 = Debug|Any CPU
		{F40835B9-37FD-485E-B71E-E820446B385E}.Debug|x86.ActiveCfg = Debug|Any CPU
		{F40835B9-37FD-485E-B71E-E820446B385E}.Debug|x86.Build.0 = Debug|Any CPU
		{F40835B9-37FD-485E-B71E-E820446B385E}.Release|Any CPU.ActiveCfg = Release|Any CPU
		{F40835B9-37FD-485E-B71E-E820446B385E}.Release|Any CPU.Build.0 = Release|Any CPU
		{F40835B9-37FD-485E-B71E-E820446B385E}.Release|x64.ActiveCfg = Release|Any CPU
		{F40835B9-37FD-485E-B71E-E820446B385E}.Release|x64.Build.0 = Release|Any CPU
		{F40835B9-37FD-485E-B71E-E820446B385E}.Release|x86.ActiveCfg = Release|Any CPU
		{F40835B9-37FD-485E-B71E-E820446B385E}.Release|x86.Build.0 = Release|Any CPU
		{4895100D-CEDD-467F-8208-D21512A0BDEE}.Debug|Any CPU.ActiveCfg = Debug|Any CPU
		{4895100D-CEDD-467F-8208-D21512A0BDEE}.Debug|Any CPU.Build.0 = Debug|Any CPU
		{4895100D-CEDD-467F-8208-D21512A0BDEE}.Debug|x64.ActiveCfg = Debug|Any CPU
		{4895100D-CEDD-467F-8208-D21512A0BDEE}.Debug|x64.Build.0 = Debug|Any CPU
		{4895100D-CEDD-467F-8208-D21512A0BDEE}.Debug|x86.ActiveCfg = Debug|Any CPU
		{4895100D-CEDD-467F-8208-D21512A0BDEE}.Debug|x86.Build.0 = Debug|Any CPU
		{4895100D-CEDD-467F-8208-D21512A0BDEE}.Release|Any CPU.ActiveCfg = Release|Any CPU
		{4895100D-CEDD-467F-8208-D21512A0BDEE}.Release|Any CPU.Build.0 = Release|Any CPU
		{4895100D-CEDD-467F-8208-D21512A0BDEE}.Release|x64.ActiveCfg = Release|Any CPU
		{4895100D-CEDD-467F-8208-D21512A0BDEE}.Release|x64.Build.0 = Release|Any CPU
		{4895100D-CEDD-467F-8208-D21512A0BDEE}.Release|x86.ActiveCfg = Release|Any CPU
		{4895100D-CEDD-467F-8208-D21512A0BDEE}.Release|x86.Build.0 = Release|Any CPU
		{EF0BBF21-43ED-4706-84CE-4D97377C33ED}.Debug|Any CPU.ActiveCfg = Debug|Any CPU
		{EF0BBF21-43ED-4706-84CE-4D97377C33ED}.Debug|Any CPU.Build.0 = Debug|Any CPU
		{EF0BBF21-43ED-4706-84CE-4D97377C33ED}.Debug|x64.ActiveCfg = Debug|Any CPU
		{EF0BBF21-43ED-4706-84CE-4D97377C33ED}.Debug|x64.Build.0 = Debug|Any CPU
		{EF0BBF21-43ED-4706-84CE-4D97377C33ED}.Debug|x86.ActiveCfg = Debug|Any CPU
		{EF0BBF21-43ED-4706-84CE-4D97377C33ED}.Debug|x86.Build.0 = Debug|Any CPU
		{EF0BBF21-43ED-4706-84CE-4D97377C33ED}.Release|Any CPU.ActiveCfg = Release|Any CPU
		{EF0BBF21-43ED-4706-84CE-4D97377C33ED}.Release|Any CPU.Build.0 = Release|Any CPU
		{EF0BBF21-43ED-4706-84CE-4D97377C33ED}.Release|x64.ActiveCfg = Release|Any CPU
		{EF0BBF21-43ED-4706-84CE-4D97377C33ED}.Release|x64.Build.0 = Release|Any CPU
		{EF0BBF21-43ED-4706-84CE-4D97377C33ED}.Release|x86.ActiveCfg = Release|Any CPU
		{EF0BBF21-43ED-4706-84CE-4D97377C33ED}.Release|x86.Build.0 = Release|Any CPU
		{EF4871E6-FB57-4A5F-B1F7-9E35503698CE}.Debug|Any CPU.ActiveCfg = Debug|Any CPU
		{EF4871E6-FB57-4A5F-B1F7-9E35503698CE}.Debug|Any CPU.Build.0 = Debug|Any CPU
		{EF4871E6-FB57-4A5F-B1F7-9E35503698CE}.Debug|x64.ActiveCfg = Debug|Any CPU
		{EF4871E6-FB57-4A5F-B1F7-9E35503698CE}.Debug|x64.Build.0 = Debug|Any CPU
		{EF4871E6-FB57-4A5F-B1F7-9E35503698CE}.Debug|x86.ActiveCfg = Debug|Any CPU
		{EF4871E6-FB57-4A5F-B1F7-9E35503698CE}.Debug|x86.Build.0 = Debug|Any CPU
		{EF4871E6-FB57-4A5F-B1F7-9E35503698CE}.Release|Any CPU.ActiveCfg = Release|Any CPU
		{EF4871E6-FB57-4A5F-B1F7-9E35503698CE}.Release|Any CPU.Build.0 = Release|Any CPU
		{EF4871E6-FB57-4A5F-B1F7-9E35503698CE}.Release|x64.ActiveCfg = Release|Any CPU
		{EF4871E6-FB57-4A5F-B1F7-9E35503698CE}.Release|x64.Build.0 = Release|Any CPU
		{EF4871E6-FB57-4A5F-B1F7-9E35503698CE}.Release|x86.ActiveCfg = Release|Any CPU
		{EF4871E6-FB57-4A5F-B1F7-9E35503698CE}.Release|x86.Build.0 = Release|Any CPU
	EndGlobalSection
EndGlobal
